
Microsoft Visual Studio Solution File, Format Version 9.00
# Visual Studio 2005
Project("{8BC9CEB8-8B4A-11D0-8D11-00A0C91BC942}") = "MapGenerator", "MapGenerator\MapGenerator.vcproj", "{8192965D-32EA-455F-AED4-624B7E5B4F1E}"
	ProjectSection(ProjectDependencies) = postProject
		{A918CE46-F5BB-4C00-996D-5545B350F203} = {A918CE46-F5BB-4C00-996D-5545B350F203}
	EndProjectSection
EndProject
Project("{8BC9CEB8-8B4A-11D0-8D11-00A0C91BC942}") = "BarcodeProcessor", "BarcodeProcessor\BarcodeProcessor.vcproj", "{A918CE46-F5BB-4C00-996D-5545B350F203}"
	ProjectSection(ProjectDependencies) = postProject
		{16DA1A9A-9124-434D-9B7E-8EC57E877F1C} = {16DA1A9A-9124-434D-9B7E-8EC57E877F1C}
	EndProjectSection
EndProject
Project("{8BC9CEB8-8B4A-11D0-8D11-00A0C91BC942}") = "Common", "Common\Common.vcproj", "{16DA1A9A-9124-434D-9B7E-8EC57E877F1C}"
EndProject
Project("{8BC9CEB8-8B4A-11D0-8D11-00A0C91BC942}") = "ScriptInterpreter", "ScriptInterpreter\ScriptInterpreter.vcproj", "{8AF0C974-566C-444F-9F92-2F8635174D45}"
	ProjectSection(ProjectDependencies) = postProject
		{A918CE46-F5BB-4C00-996D-5545B350F203} = {A918CE46-F5BB-4C00-996D-5545B350F203}
	EndProjectSection
EndProject
Project("{8BC9CEB8-8B4A-11D0-8D11-00A0C91BC942}") = "ScriptCompiler", "ScriptCompiler\ScriptCompiler.vcproj", "{11B79634-D736-4CB5-995C-6D8B2C015E37}"
	ProjectSection(ProjectDependencies) = postProject
		{E65C0146-9AAD-485E-B4C6-649F88E05C7F} = {E65C0146-9AAD-485E-B4C6-649F88E05C7F}
		{8AF0C974-566C-444F-9F92-2F8635174D45} = {8AF0C974-566C-444F-9F92-2F8635174D45}
	EndProjectSection
EndProject
Project("{8BC9CEB8-8B4A-11D0-8D11-00A0C91BC942}") = "ApplicationUtils", "ApplicationUtils\ApplicationUtils.vcproj", "{E65C0146-9AAD-485E-B4C6-649F88E05C7F}"
	ProjectSection(ProjectDependencies) = postProject
		{16DA1A9A-9124-434D-9B7E-8EC57E877F1C} = {16DA1A9A-9124-434D-9B7E-8EC57E877F1C}
	EndProjectSection
EndProject
Project("{8BC9CEB8-8B4A-11D0-8D11-00A0C91BC942}") = "AppResources", "AppResources\AppResources.vcproj", "{FEE3FA91-D266-44A6-9F60-FBA29B5265A0}"
	ProjectSection(ProjectDependencies) = postProject
		{16DA1A9A-9124-434D-9B7E-8EC57E877F1C} = {16DA1A9A-9124-434D-9B7E-8EC57E877F1C}
	EndProjectSection
EndProject
Project("{8BC9CEB8-8B4A-11D0-8D11-00A0C91BC942}") = "WindowsMobileDemo", "WindowsMobileDemo\WindowsMobileDemo.vcproj", "{A5D48A68-593A-49C5-8EFF-EB774A667E2B}"
EndProject
Global
	GlobalSection(SolutionConfigurationPlatforms) = preSolution
		Debug|Mixed Platforms = Debug|Mixed Platforms
		Debug|Win32 = Debug|Win32
		Debug|Windows Mobile 5.0 Pocket PC SDK (ARMV4I) = Debug|Windows Mobile 5.0 Pocket PC SDK (ARMV4I)
		Debug|Windows Mobile 5.0 Smartphone SDK (ARMV4I) = Debug|Windows Mobile 5.0 Smartphone SDK (ARMV4I)
		Release|Mixed Platforms = Release|Mixed Platforms
		Release|Win32 = Release|Win32
		Release|Windows Mobile 5.0 Pocket PC SDK (ARMV4I) = Release|Windows Mobile 5.0 Pocket PC SDK (ARMV4I)
		Release|Windows Mobile 5.0 Smartphone SDK (ARMV4I) = Release|Windows Mobile 5.0 Smartphone SDK (ARMV4I)
	EndGlobalSection
	GlobalSection(ProjectConfigurationPlatforms) = postSolution
		{8192965D-32EA-455F-AED4-624B7E5B4F1E}.Debug|Mixed Platforms.ActiveCfg = Debug|Win32
		{8192965D-32EA-455F-AED4-624B7E5B4F1E}.Debug|Mixed Platforms.Build.0 = Debug|Win32
		{8192965D-32EA-455F-AED4-624B7E5B4F1E}.Debug|Win32.ActiveCfg = Debug|Win32
		{8192965D-32EA-455F-AED4-624B7E5B4F1E}.Debug|Win32.Build.0 = Debug|Win32
		{8192965D-32EA-455F-AED4-624B7E5B4F1E}.Debug|Windows Mobile 5.0 Pocket PC SDK (ARMV4I).ActiveCfg = Debug|Win32
		{8192965D-32EA-455F-AED4-624B7E5B4F1E}.Debug|Windows Mobile 5.0 Smartphone SDK (ARMV4I).ActiveCfg = Debug|Win32
		{8192965D-32EA-455F-AED4-624B7E5B4F1E}.Release|Mixed Platforms.ActiveCfg = Release|Win32
		{8192965D-32EA-455F-AED4-624B7E5B4F1E}.Release|Mixed Platforms.Build.0 = Release|Win32
		{8192965D-32EA-455F-AED4-624B7E5B4F1E}.Release|Win32.ActiveCfg = Release|Win32
		{8192965D-32EA-455F-AED4-624B7E5B4F1E}.Release|Win32.Build.0 = Release|Win32
		{8192965D-32EA-455F-AED4-624B7E5B4F1E}.Release|Windows Mobile 5.0 Pocket PC SDK (ARMV4I).ActiveCfg = Release|Win32
		{8192965D-32EA-455F-AED4-624B7E5B4F1E}.Release|Windows Mobile 5.0 Smartphone SDK (ARMV4I).ActiveCfg = Release|Win32
		{A918CE46-F5BB-4C00-996D-5545B350F203}.Debug|Mixed Platforms.ActiveCfg = Debug|Win32
		{A918CE46-F5BB-4C00-996D-5545B350F203}.Debug|Mixed Platforms.Build.0 = Debug|Win32
		{A918CE46-F5BB-4C00-996D-5545B350F203}.Debug|Win32.ActiveCfg = Debug|Win32
		{A918CE46-F5BB-4C00-996D-5545B350F203}.Debug|Win32.Build.0 = Debug|Win32
		{A918CE46-F5BB-4C00-996D-5545B350F203}.Debug|Windows Mobile 5.0 Pocket PC SDK (ARMV4I).ActiveCfg = Debug|Win32
		{A918CE46-F5BB-4C00-996D-5545B350F203}.Debug|Windows Mobile 5.0 Smartphone SDK (ARMV4I).ActiveCfg = Debug|Win32
		{A918CE46-F5BB-4C00-996D-5545B350F203}.Release|Mixed Platforms.ActiveCfg = Release|Win32
		{A918CE46-F5BB-4C00-996D-5545B350F203}.Release|Mixed Platforms.Build.0 = Release|Win32
		{A918CE46-F5BB-4C00-996D-5545B350F203}.Release|Win32.ActiveCfg = Release|Win32
		{A918CE46-F5BB-4C00-996D-5545B350F203}.Release|Win32.Build.0 = Release|Win32
		{A918CE46-F5BB-4C00-996D-5545B350F203}.Release|Windows Mobile 5.0 Pocket PC SDK (ARMV4I).ActiveCfg = Release|Win32
		{A918CE46-F5BB-4C00-996D-5545B350F203}.Release|Windows Mobile 5.0 Smartphone SDK (ARMV4I).ActiveCfg = Release|Win32
		{16DA1A9A-9124-434D-9B7E-8EC57E877F1C}.Debug|Mixed Platforms.ActiveCfg = Debug|Win32
		{16DA1A9A-9124-434D-9B7E-8EC57E877F1C}.Debug|Mixed Platforms.Build.0 = Debug|Win32
		{16DA1A9A-9124-434D-9B7E-8EC57E877F1C}.Debug|Win32.ActiveCfg = Debug|Win32
		{16DA1A9A-9124-434D-9B7E-8EC57E877F1C}.Debug|Win32.Build.0 = Debug|Win32
		{16DA1A9A-9124-434D-9B7E-8EC57E877F1C}.Debug|Windows Mobile 5.0 Pocket PC SDK (ARMV4I).ActiveCfg = Debug|Win32
		{16DA1A9A-9124-434D-9B7E-8EC57E877F1C}.Debug|Windows Mobile 5.0 Smartphone SDK (ARMV4I).ActiveCfg = Debug|Win32
		{16DA1A9A-9124-434D-9B7E-8EC57E877F1C}.Release|Mixed Platforms.ActiveCfg = Release|Win32
		{16DA1A9A-9124-434D-9B7E-8EC57E877F1C}.Release|Mixed Platforms.Build.0 = Release|Win32
		{16DA1A9A-9124-434D-9B7E-8EC57E877F1C}.Release|Win32.ActiveCfg = Release|Win32
		{16DA1A9A-9124-434D-9B7E-8EC57E877F1C}.Release|Win32.Build.0 = Release|Win32
		{16DA1A9A-9124-434D-9B7E-8EC57E877F1C}.Release|Windows Mobile 5.0 Pocket PC SDK (ARMV4I).ActiveCfg = Release|Win32
		{16DA1A9A-9124-434D-9B7E-8EC57E877F1C}.Release|Windows Mobile 5.0 Smartphone SDK (ARMV4I).ActiveCfg = Release|Win32
		{8AF0C974-566C-444F-9F92-2F8635174D45}.Debug|Mixed Platforms.ActiveCfg = Debug|Win32
		{8AF0C974-566C-444F-9F92-2F8635174D45}.Debug|Mixed Platforms.Build.0 = Debug|Win32
		{8AF0C974-566C-444F-9F92-2F8635174D45}.Debug|Win32.ActiveCfg = Debug|Win32
		{8AF0C974-566C-444F-9F92-2F8635174D45}.Debug|Win32.Build.0 = Debug|Win32
		{8AF0C974-566C-444F-9F92-2F8635174D45}.Debug|Windows Mobile 5.0 Pocket PC SDK (ARMV4I).ActiveCfg = Debug|Win32
		{8AF0C974-566C-444F-9F92-2F8635174D45}.Debug|Windows Mobile 5.0 Smartphone SDK (ARMV4I).ActiveCfg = Debug|Win32
		{8AF0C974-566C-444F-9F92-2F8635174D45}.Release|Mixed Platforms.ActiveCfg = Release|Win32
		{8AF0C974-566C-444F-9F92-2F8635174D45}.Release|Mixed Platforms.Build.0 = Release|Win32
		{8AF0C974-566C-444F-9F92-2F8635174D45}.Release|Win32.ActiveCfg = Release|Win32
		{8AF0C974-566C-444F-9F92-2F8635174D45}.Release|Win32.Build.0 = Release|Win32
		{8AF0C974-566C-444F-9F92-2F8635174D45}.Release|Windows Mobile 5.0 Pocket PC SDK (ARMV4I).ActiveCfg = Release|Win32
		{8AF0C974-566C-444F-9F92-2F8635174D45}.Release|Windows Mobile 5.0 Smartphone SDK (ARMV4I).ActiveCfg = Release|Win32
		{11B79634-D736-4CB5-995C-6D8B2C015E37}.Debug|Mixed Platforms.ActiveCfg = Debug|Win32
		{11B79634-D736-4CB5-995C-6D8B2C015E37}.Debug|Mixed Platforms.Build.0 = Debug|Win32
		{11B79634-D736-4CB5-995C-6D8B2C015E37}.Debug|Win32.ActiveCfg = Debug|Win32
		{11B79634-D736-4CB5-995C-6D8B2C015E37}.Debug|Win32.Build.0 = Debug|Win32
		{11B79634-D736-4CB5-995C-6D8B2C015E37}.Debug|Windows Mobile 5.0 Pocket PC SDK (ARMV4I).ActiveCfg = Debug|Win32
		{11B79634-D736-4CB5-995C-6D8B2C015E37}.Debug|Windows Mobile 5.0 Smartphone SDK (ARMV4I).ActiveCfg = Debug|Win32
		{11B79634-D736-4CB5-995C-6D8B2C015E37}.Release|Mixed Platforms.ActiveCfg = Release|Win32
		{11B79634-D736-4CB5-995C-6D8B2C015E37}.Release|Mixed Platforms.Build.0 = Release|Win32
		{11B79634-D736-4CB5-995C-6D8B2C015E37}.Release|Win32.ActiveCfg = Release|Win32
		{11B79634-D736-4CB5-995C-6D8B2C015E37}.Release|Win32.Build.0 = Release|Win32
		{11B79634-D736-4CB5-995C-6D8B2C015E37}.Release|Windows Mobile 5.0 Pocket PC SDK (ARMV4I).ActiveCfg = Release|Win32
		{11B79634-D736-4CB5-995C-6D8B2C015E37}.Release|Windows Mobile 5.0 Smartphone SDK (ARMV4I).ActiveCfg = Release|Win32
		{E65C0146-9AAD-485E-B4C6-649F88E05C7F}.Debug|Mixed Platforms.ActiveCfg = Debug|Win32
		{E65C0146-9AAD-485E-B4C6-649F88E05C7F}.Debug|Mixed Platforms.Build.0 = Debug|Win32
		{E65C0146-9AAD-485E-B4C6-649F88E05C7F}.Debug|Win32.ActiveCfg = Debug|Win32
		{E65C0146-9AAD-485E-B4C6-649F88E05C7F}.Debug|Win32.Build.0 = Debug|Win32
		{E65C0146-9AAD-485E-B4C6-649F88E05C7F}.Debug|Windows Mobile 5.0 Pocket PC SDK (ARMV4I).ActiveCfg = Debug|Win32
		{E65C0146-9AAD-485E-B4C6-649F88E05C7F}.Debug|Windows Mobile 5.0 Smartphone SDK (ARMV4I).ActiveCfg = Debug|Win32
		{E65C0146-9AAD-485E-B4C6-649F88E05C7F}.Release|Mixed Platforms.ActiveCfg = Release|Win32
		{E65C0146-9AAD-485E-B4C6-649F88E05C7F}.Release|Mixed Platforms.Build.0 = Release|Win32
		{E65C0146-9AAD-485E-B4C6-649F88E05C7F}.Release|Win32.ActiveCfg = Release|Win32
		{E65C0146-9AAD-485E-B4C6-649F88E05C7F}.Release|Win32.Build.0 = Release|Win32
		{E65C0146-9AAD-485E-B4C6-649F88E05C7F}.Release|Windows Mobile 5.0 Pocket PC SDK (ARMV4I).ActiveCfg = Release|Win32
		{E65C0146-9AAD-485E-B4C6-649F88E05C7F}.Release|Windows Mobile 5.0 Smartphone SDK (ARMV4I).ActiveCfg = Release|Win32
		{FEE3FA91-D266-44A6-9F60-FBA29B5265A0}.Debug|Mixed Platforms.ActiveCfg = Debug|Win32
		{FEE3FA91-D266-44A6-9F60-FBA29B5265A0}.Debug|Mixed Platforms.Build.0 = Debug|Win32
		{FEE3FA91-D266-44A6-9F60-FBA29B5265A0}.Debug|Win32.ActiveCfg = Debug|Win32
		{FEE3FA91-D266-44A6-9F60-FBA29B5265A0}.Debug|Win32.Build.0 = Debug|Win32
		{FEE3FA91-D266-44A6-9F60-FBA29B5265A0}.Debug|Windows Mobile 5.0 Pocket PC SDK (ARMV4I).ActiveCfg = Debug|Win32
		{FEE3FA91-D266-44A6-9F60-FBA29B5265A0}.Debug|Windows Mobile 5.0 Smartphone SDK (ARMV4I).ActiveCfg = Debug|Win32
		{FEE3FA91-D266-44A6-9F60-FBA29B5265A0}.Release|Mixed Platforms.ActiveCfg = Release|Win32
		{FEE3FA91-D266-44A6-9F60-FBA29B5265A0}.Release|Mixed Platforms.Build.0 = Release|Win32
		{FEE3FA91-D266-44A6-9F60-FBA29B5265A0}.Release|Win32.ActiveCfg = Release|Win32
		{FEE3FA91-D266-44A6-9F60-FBA29B5265A0}.Release|Win32.Build.0 = Release|Win32
		{FEE3FA91-D266-44A6-9F60-FBA29B5265A0}.Release|Windows Mobile 5.0 Pocket PC SDK (ARMV4I).ActiveCfg = Release|Win32
		{FEE3FA91-D266-44A6-9F60-FBA29B5265A0}.Release|Windows Mobile 5.0 Smartphone SDK (ARMV4I).ActiveCfg = Release|Win32
		{A5D48A68-593A-49C5-8EFF-EB774A667E2B}.Debug|Mixed Platforms.ActiveCfg = Debug|Windows Mobile 5.0 Smartphone SDK (ARMV4I)
		{A5D48A68-593A-49C5-8EFF-EB774A667E2B}.Debug|Mixed Platforms.Build.0 = Debug|Windows Mobile 5.0 Smartphone SDK (ARMV4I)
		{A5D48A68-593A-49C5-8EFF-EB774A667E2B}.Debug|Mixed Platforms.Deploy.0 = Debug|Windows Mobile 5.0 Smartphone SDK (ARMV4I)
		{A5D48A68-593A-49C5-8EFF-EB774A667E2B}.Debug|Win32.ActiveCfg = Debug|Windows Mobile 5.0 Smartphone SDK (ARMV4I)
		{A5D48A68-593A-49C5-8EFF-EB774A667E2B}.Debug|Windows Mobile 5.0 Pocket PC SDK (ARMV4I).ActiveCfg = Debug|Windows Mobile 5.0 Smartphone SDK (ARMV4I)
		{A5D48A68-593A-49C5-8EFF-EB774A667E2B}.Debug|Windows Mobile 5.0 Smartphone SDK (ARMV4I).ActiveCfg = Debug|Windows Mobile 5.0 Pocket PC SDK (ARMV4I)
		{A5D48A68-593A-49C5-8EFF-EB774A667E2B}.Debug|Windows Mobile 5.0 Smartphone SDK (ARMV4I).Build.0 = Debug|Windows Mobile 5.0 Pocket PC SDK (ARMV4I)
		{A5D48A68-593A-49C5-8EFF-EB774A667E2B}.Debug|Windows Mobile 5.0 Smartphone SDK (ARMV4I).Deploy.0 = Debug|Windows Mobile 5.0 Pocket PC SDK (ARMV4I)
		{A5D48A68-593A-49C5-8EFF-EB774A667E2B}.Release|Mixed Platforms.ActiveCfg = Release|Windows Mobile 5.0 Smartphone SDK (ARMV4I)
		{A5D48A68-593A-49C5-8EFF-EB774A667E2B}.Release|Mixed Platforms.Build.0 = Release|Windows Mobile 5.0 Smartphone SDK (ARMV4I)
		{A5D48A68-593A-49C5-8EFF-EB774A667E2B}.Release|Mixed Platforms.Deploy.0 = Release|Windows Mobile 5.0 Smartphone SDK (ARMV4I)
		{A5D48A68-593A-49C5-8EFF-EB774A667E2B}.Release|Win32.ActiveCfg = Release|Windows Mobile 5.0 Smartphone SDK (ARMV4I)
		{A5D48A68-593A-49C5-8EFF-EB774A667E2B}.Release|Windows Mobile 5.0 Pocket PC SDK (ARMV4I).ActiveCfg = Release|Windows Mobile 5.0 Pocket PC SDK (ARMV4I)
		{A5D48A68-593A-49C5-8EFF-EB774A667E2B}.Release|Windows Mobile 5.0 Pocket PC SDK (ARMV4I).Build.0 = Release|Windows Mobile 5.0 Pocket PC SDK (ARMV4I)
		{A5D48A68-593A-49C5-8EFF-EB774A667E2B}.Release|Windows Mobile 5.0 Pocket PC SDK (ARMV4I).Deploy.0 = Release|Windows Mobile 5.0 Pocket PC SDK (ARMV4I)
		{A5D48A68-593A-49C5-8EFF-EB774A667E2B}.Release|Windows Mobile 5.0 Smartphone SDK (ARMV4I).ActiveCfg = Release|Windows Mobile 5.0 Smartphone SDK (ARMV4I)
		{A5D48A68-593A-49C5-8EFF-EB774A667E2B}.Release|Windows Mobile 5.0 Smartphone SDK (ARMV4I).Build.0 = Release|Windows Mobile 5.0 Smartphone SDK (ARMV4I)
		{A5D48A68-593A-49C5-8EFF-EB774A667E2B}.Release|Windows Mobile 5.0 Smartphone SDK (ARMV4I).Deploy.0 = Release|Windows Mobile 5.0 Smartphone SDK (ARMV4I)
	EndGlobalSection
	GlobalSection(SolutionProperties) = preSolution
		HideSolutionNode = FALSE
	EndGlobalSection
EndGlobal
